// !$*UTF8*$!
{
	archiveVersion = 1;
	classes = {
	};
	objectVersion = 46;
	objects = {

/* Begin PBXBuildFile section */
		64DF0BF917336D45006CF0A6 /* UIKit.framework in Frameworks */ = {isa = PBXBuildFile; fileRef = 64DF0BF817336D45006CF0A6 /* UIKit.framework */; };
		64DF0BFB17336D45006CF0A6 /* Foundation.framework in Frameworks */ = {isa = PBXBuildFile; fileRef = 64DF0BFA17336D45006CF0A6 /* Foundation.framework */; };
		64DF0BFD17336D45006CF0A6 /* CoreGraphics.framework in Frameworks */ = {isa = PBXBuildFile; fileRef = 64DF0BFC17336D45006CF0A6 /* CoreGraphics.framework */; };
		64DF0C0317336D45006CF0A6 /* InfoPlist.strings in Resources */ = {isa = PBXBuildFile; fileRef = 64DF0C0117336D45006CF0A6 /* InfoPlist.strings */; };
		64DF0C0517336D45006CF0A6 /* main.m in Sources */ = {isa = PBXBuildFile; fileRef = 64DF0C0417336D45006CF0A6 /* main.m */; };
		64DF0C0917336D45006CF0A6 /* CHBAppDelegate.m in Sources */ = {isa = PBXBuildFile; fileRef = 64DF0C0817336D45006CF0A6 /* CHBAppDelegate.m */; };
		64DF0C0B17336D45006CF0A6 /* Default.png in Resources */ = {isa = PBXBuildFile; fileRef = 64DF0C0A17336D45006CF0A6 /* Default.png */; };
		64DF0C0D17336D45006CF0A6 /* Default@2x.png in Resources */ = {isa = PBXBuildFile; fileRef = 64DF0C0C17336D45006CF0A6 /* Default@2x.png */; };
		64DF0C0F17336D45006CF0A6 /* Default-568h@2x.png in Resources */ = {isa = PBXBuildFile; fileRef = 64DF0C0E17336D45006CF0A6 /* Default-568h@2x.png */; };
		64DF0C1217336D45006CF0A6 /* CHBViewController.m in Sources */ = {isa = PBXBuildFile; fileRef = 64DF0C1117336D45006CF0A6 /* CHBViewController.m */; };
		64DF0C1517336D45006CF0A6 /* CHBViewController.xib in Resources */ = {isa = PBXBuildFile; fileRef = 64DF0C1317336D45006CF0A6 /* CHBViewController.xib */; };
/* End PBXBuildFile section */

/* Begin PBXFileReference section */
		64DF0BF517336D45006CF0A6 /* Gittemp.app */ = {isa = PBXFileReference; explicitFileType = wrapper.application; includeInIndex = 0; path = Gittemp.app; sourceTree = BUILT_PRODUCTS_DIR; };
		64DF0BF817336D45006CF0A6 /* UIKit.framework */ = {isa = PBXFileReference; lastKnownFileType = wrapper.framework; name = UIKit.framework; path = System/Library/Frameworks/UIKit.framework; sourceTree = SDKROOT; };
		64DF0BFA17336D45006CF0A6 /* Foundation.framework */ = {isa = PBXFileReference; lastKnownFileType = wrapper.framework; name = Foundation.framework; path = System/Library/Frameworks/Foundation.framework; sourceTree = SDKROOT; };
		64DF0BFC17336D45006CF0A6 /* CoreGraphics.framework */ = {isa = PBXFileReference; lastKnownFileType = wrapper.framework; name = CoreGraphics.framework; path = System/Library/Frameworks/CoreGraphics.framework; sourceTree = SDKROOT; };
		64DF0C0017336D45006CF0A6 /* Gittemp-Info.plist */ = {isa = PBXFileReference; lastKnownFileType = text.plist.xml; path = "Gittemp-Info.plist"; sourceTree = "<group>"; };
		64DF0C0217336D45006CF0A6 /* en */ = {isa = PBXFileReference; lastKnownFileType = text.plist.strings; name = en; path = en.lproj/InfoPlist.strings; sourceTree = "<group>"; };
		64DF0C0417336D45006CF0A6 /* main.m */ = {isa = PBXFileReference; lastKnownFileType = sourcecode.c.objc; path = main.m; sourceTree = "<group>"; };
		64DF0C0617336D45006CF0A6 /* Gittemp-Prefix.pch */ = {isa = PBXFileReference; lastKnownFileType = sourcecode.c.h; path = "Gittemp-Prefix.pch"; sourceTree = "<group>"; };
		64DF0C0717336D45006CF0A6 /* CHBAppDelegate.h */ = {isa = PBXFileReference; lastKnownFileType = sourcecode.c.h; path = CHBAppDelegate.h; sourceTree = "<group>"; };
		64DF0C0817336D45006CF0A6 /* CHBAppDelegate.m */ = {isa = PBXFileReference; lastKnownFileType = sourcecode.c.objc; path = CHBAppDelegate.m; sourceTree = "<group>"; };
		64DF0C0A17336D45006CF0A6 /* Default.png */ = {isa = PBXFileReference; lastKnownFileType = image.png; path = Default.png; sourceTree = "<group>"; };
		64DF0C0C17336D45006CF0A6 /* Default@2x.png */ = {isa = PBXFileReference; lastKnownFileType = image.png; path = "Default@2x.png"; sourceTree = "<group>"; };
		64DF0C0E17336D45006CF0A6 /* Default-568h@2x.png */ = {isa = PBXFileReference; lastKnownFileType = image.png; path = "Default-568h@2x.png"; sourceTree = "<group>"; };
		64DF0C1017336D45006CF0A6 /* CHBViewController.h */ = {isa = PBXFileReference; lastKnownFileType = sourcecode.c.h; path = CHBViewController.h; sourceTree = "<group>"; };
		64DF0C1117336D45006CF0A6 /* CHBViewController.m */ = {isa = PBXFileReference; lastKnownFileType = sourcecode.c.objc; path = CHBViewController.m; sourceTree = "<group>"; };
		64DF0C1417336D45006CF0A6 /* en */ = {isa = PBXFileReference; lastKnownFileType = file.xib; name = en; path = en.lproj/CHBViewController.xib; sourceTree = "<group>"; };
/* End PBXFileReference section */

/* Begin PBXFrameworksBuildPhase section */
		64DF0BF217336D45006CF0A6 /* Frameworks */ = {
			isa = PBXFrameworksBuildPhase;
			buildActionMask = 2147483647;
			files = (
				64DF0BF917336D45006CF0A6 /* UIKit.framework in Frameworks */,
				64DF0BFB17336D45006CF0A6 /* Foundation.framework in Frameworks */,
				64DF0BFD17336D45006CF0A6 /* CoreGraphics.framework in Frameworks */,
			);
			runOnlyForDeploymentPostprocessing = 0;
		};
/* End PBXFrameworksBuildPhase section */

/* Begin PBXGroup section */
		64DF0BEC17336D44006CF0A6 = {
			isa = PBXGroup;
			children = (
				64DF0BFE17336D45006CF0A6 /* Gittemp */,
				64DF0BF717336D45006CF0A6 /* Frameworks */,
				64DF0BF617336D45006CF0A6 /* Products */,
			);
			sourceTree = "<group>";
		};
		64DF0BF617336D45006CF0A6 /* Products */ = {
			isa = PBXGroup;
			children = (
				64DF0BF517336D45006CF0A6 /* Gittemp.app */,
			);
			name = Products;
			sourceTree = "<group>";
		};
		64DF0BF717336D45006CF0A6 /* Frameworks */ = {
			isa = PBXGroup;
			children = (
				64DF0BF817336D45006CF0A6 /* UIKit.framework */,
				64DF0BFA17336D45006CF0A6 /* Foundation.framework */,
				64DF0BFC17336D45006CF0A6 /* CoreGraphics.framework */,
			);
			name = Frameworks;
			sourceTree = "<group>";
		};
		64DF0BFE17336D45006CF0A6 /* Gittemp */ = {
			isa = PBXGroup;
			children = (
				64DF0C0717336D45006CF0A6 /* CHBAppDelegate.h */,
				64DF0C0817336D45006CF0A6 /* CHBAppDelegate.m */,
				64DF0C1017336D45006CF0A6 /* CHBViewController.h */,
				64DF0C1117336D45006CF0A6 /* CHBViewController.m */,
				64DF0C1317336D45006CF0A6 /* CHBViewController.xib */,
				64DF0BFF17336D45006CF0A6 /* Supporting Files */,
			);
			path = Gittemp;
			sourceTree = "<group>";
		};
		64DF0BFF17336D45006CF0A6 /* Supporting Files */ = {
			isa = PBXGroup;
			children = (
				64DF0C0017336D45006CF0A6 /* Gittemp-Info.plist */,
				64DF0C0117336D45006CF0A6 /* InfoPlist.strings */,
				64DF0C0417336D45006CF0A6 /* main.m */,
				64DF0C0617336D45006CF0A6 /* Gittemp-Prefix.pch */,
				64DF0C0A17336D45006CF0A6 /* Default.png */,
				64DF0C0C17336D45006CF0A6 /* Default@2x.png */,
				64DF0C0E17336D45006CF0A6 /* Default-568h@2x.png */,
			);
			name = "Supporting Files";
			sourceTree = "<group>";
		};
/* End PBXGroup section */

/* Begin PBXNativeTarget section */
		64DF0BF417336D45006CF0A6 /* Gittemp */ = {
			isa = PBXNativeTarget;
			buildConfigurationList = 64DF0C1817336D45006CF0A6 /* Build configuration list for PBXNativeTarget "Gittemp" */;
			buildPhases = (
				64DF0BF117336D45006CF0A6 /* Sources */,
				64DF0BF217336D45006CF0A6 /* Frameworks */,
				64DF0BF317336D45006CF0A6 /* Resources */,
			);
			buildRules = (
			);
			dependencies = (
			);
			name = Gittemp;
			productName = Gittemp;
			productReference = 64DF0BF517336D45006CF0A6 /* Gittemp.app */;
			productType = "com.apple.product-type.application";
		};
/* End PBXNativeTarget section */

/* Begin PBXProject section */
		64DF0BED17336D44006CF0A6 /* Project object */ = {
			isa = PBXProject;
			attributes = {
				CLASSPREFIX = CHB;
				LastUpgradeCheck = 0460;
				ORGANIZATIONNAME = chenb;
			};
			buildConfigurationList = 64DF0BF017336D44006CF0A6 /* Build configuration list for PBXProject "Gittemp" */;
			compatibilityVersion = "Xcode 3.2";
			developmentRegion = English;
			hasScannedForEncodings = 0;
			knownRegions = (
				en,
			);
			mainGroup = 64DF0BEC17336D44006CF0A6;
			productRefGroup = 64DF0BF617336D45006CF0A6 /* Products */;
			projectDirPath = "";
			projectRoot = "";
			targets = (
				64DF0BF417336D45006CF0A6 /* Gittemp */,
			);
		};
/* End PBXProject section */

/* Begin PBXResourcesBuildPhase section */
		64DF0BF317336D45006CF0A6 /* Resources */ = {
			isa = PBXResourcesBuildPhase;
			buildActionMask = 2147483647;
			files = (
				64DF0C0317336D45006CF0A6 /* InfoPlist.strings in Resources */,
				64DF0C0B17336D45006CF0A6 /* Default.png in Resources */,
				64DF0C0D17336D45006CF0A6 /* Default@2x.png in Resources */,
				64DF0C0F17336D45006CF0A6 /* Default-568h@2x.png in Resources */,
				64DF0C1517336D45006CF0A6 /* CHBViewController.xib in Resources */,
			);
			runOnlyForDeploymentPostprocessing = 0;
		};
/* End PBXResourcesBuildPhase section */

/* Begin PBXSourcesBuildPhase section */
		64DF0BF117336D45006CF0A6 /* Sources */ = {
			isa = PBXSourcesBuildPhase;
			buildActionMask = 2147483647;
			files = (
				64DF0C0517336D45006CF0A6 /* main.m in Sources */,
				64DF0C0917336D45006CF0A6 /* CHBAppDelegate.m in Sources */,
				64DF0C1217336D45006CF0A6 /* CHBViewController.m in Sources */,
			);
			runOnlyForDeploymentPostprocessing = 0;
		};
/* End PBXSourcesBuildPhase section */

/* Begin PBXVariantGroup section */
		64DF0C0117336D45006CF0A6 /* InfoPlist.strings */ = {
			isa = PBXVariantGroup;
			children = (
				64DF0C0217336D45006CF0A6 /* en */,
			);
			name = InfoPlist.strings;
			sourceTree = "<group>";
		};
		64DF0C1317336D45006CF0A6 /* CHBViewController.xib */ = {
			isa = PBXVariantGroup;
			children = (
				64DF0C1417336D45006CF0A6 /* en */,
			);
			name = CHBViewController.xib;
			sourceTree = "<group>";
		};
/* End PBXVariantGroup section */

/* Begin XCBuildConfiguration section */
		64DF0C1617336D45006CF0A6 /* Debug */ = {
			isa = XCBuildConfiguration;
			buildSettings = {
				ALWAYS_SEARCH_USER_PATHS = NO;
				CLANG_CXX_LANGUAGE_STANDARD = "gnu++0x";
				CLANG_CXX_LIBRARY = "libc++";
				CLANG_WARN_CONSTANT_CONVERSION = YES;
				CLANG_WARN_EMPTY_BODY = YES;
				CLANG_WARN_ENUM_CONVERSION = YES;
				CLANG_WARN_INT_CONVERSION = YES;
				CLANG_WARN__DUPLICATE_METHOD_MATCH = YES;
				"CODE_SIGN_IDENTITY[sdk=iphoneos*]" = "iPhone Developer";
				COPY_PHASE_STRIP = NO;
				GCC_C_LANGUAGE_STANDARD = gnu99;
				GCC_DYNAMIC_NO_PIC = NO;
				GCC_OPTIMIZATION_LEVEL = 0;
				GCC_PREPROCESSOR_DEFINITIONS = (
					"DEBUG=1",
					"$(inherited)",
				);
				GCC_SYMBOLS_PRIVATE_EXTERN = NO;
				GCC_WARN_ABOUT_RETURN_TYPE = YES;
				GCC_WARN_UNINITIALIZED_AUTOS = YES;
				GCC_WARN_UNUSED_VARIABLE = YES;
				IPHONEOS_DEPLOYMENT_TARGET = 6.1;
				ONLY_ACTIVE_ARCH = YES;
				SDKROOT = iphoneos;
			};
			name = Debug;
		};
		64DF0C1717336D45006CF0A6 /* Release */ = {
			isa = XCBuildConfiguration;
			buildSettings = {
				ALWAYS_SEARCH_USER_PATHS = NO;
				CLANG_CXX_LANGUAGE_STANDARD = "gnu++0x";
				CLANG_CXX_LIBRARY = "libc++";
				CLANG_WARN_CONSTANT_CONVERSION = YES;
				CLANG_WARN_EMPTY_BODY = YES;
				CLANG_WARN_ENUM_CONVERSION = YES;
				CLANG_WARN_INT_CONVERSION = YES;
				CLANG_WARN__DUPLICATE_METHOD_MATCH = YES;
				"CODE_SIGN_IDENTITY[sdk=iphoneos*]" = "iPhone Developer";
				COPY_PHASE_STRIP = YES;
				GCC_C_LANGUAGE_STANDARD = gnu99;
				GCC_WARN_ABOUT_RETURN_TYPE = YES;
				GCC_WARN_UNINITIALIZED_AUTOS = YES;
				GCC_WARN_UNUSED_VARIABLE = YES;
				IPHONEOS_DEPLOYMENT_TARGET = 6.1;
				OTHER_CFLAGS = "-DNS_BLOCK_ASSERTIONS=1";
				SDKROOT = iphoneos;
				VALIDATE_PRODUCT = YES;
			};
			name = Release;
		};
		64DF0C1917336D45006CF0A6 /* Debug */ = {
			isa = XCBuildConfiguration;
			buildSettings = {
				GCC_PRECOMPILE_PREFIX_HEADER = YES;
				GCC_PREFIX_HEADER = "Gittemp/Gittemp-Prefix.pch";
				INFOPLIST_FILE = "Gittemp/Gittemp-Info.plist";
				PRODUCT_NAME = "$(TARGET_NAME)";
				WRAPPER_EXTENSION = app;
			};
			name = Debug;
		};
		64DF0C1A17336D45006CF0A6 /* Release */ = {
			isa = XCBuildConfiguration;
			buildSettings = {
				GCC_PRECOMPILE_PREFIX_HEADER = YES;
				GCC_PREFIX_HEADER = "Gittemp/Gittemp-Prefix.pch";
				INFOPLIST_FILE = "Gittemp/Gittemp-Info.plist";
				PRODUCT_NAME = "$(TARGET_NAME)";
				WRAPPER_EXTENSION = app;
			};
			name = Release;
		};
/* End XCBuildConfiguration section */

/* Begin XCConfigurationList section */
		64DF0BF017336D44006CF0A6 /* Build configuration list for PBXProject "Gittemp" */ = {
			isa = XCConfigurationList;
			buildConfigurations = (
				64DF0C1617336D45006CF0A6 /* Debug */,
				64DF0C1717336D45006CF0A6 /* Release */,
			);
			defaultConfigurationIsVisible = 0;
			defaultConfigurationName = Release;
		};
		64DF0C1817336D45006CF0A6 /* Build configuration list for PBXNativeTarget "Gittemp" */ = {
			isa = XCConfigurationList;
			buildConfigurations = (
				64DF0C1917336D45006CF0A6 /* Debug */,
				64DF0C1A17336D45006CF0A6 /* Release */,
			);
			defaultConfigurationIsVisible = 0;
		};
/* End XCConfigurationList section */
	};
	rootObject = 64DF0BED17336D44006CF0A6 /* Project object */;
}
